Microsoft Visual Studio Solution File, Format Version 11.00
# Visual Studio 2008

Project("{01683D1B-E4C2-D148-7465-676A0AFBD6C4}") = "planetgame", "Assembly-CSharp.csproj", "{7DE7F74B-2CB9-F13D-29B0-0D305C191D89}"
EndProject
Global
	GlobalSection(SolutionConfigurationPlatforms) = preSolution
		Debug|Any CPU = Debug|Any CPU
		Release|Any CPU = Release|Any CPU
	EndGlobalSection
	GlobalSection(ProjectConfigurationPlatforms) = postSolution
		{7DE7F74B-2CB9-F13D-29B0-0D305C191D89}.Debug|Any CPU.ActiveCfg = Debug|Any CPU
		{7DE7F74B-2CB9-F13D-29B0-0D305C191D89}.Debug|Any CPU.Build.0 = Debug|Any CPU
		{7DE7F74B-2CB9-F13D-29B0-0D305C191D89}.Release|Any CPU.ActiveCfg = Release|Any CPU
		{7DE7F74B-2CB9-F13D-29B0-0D305C191D89}.Release|Any CPU.Build.0 = Release|Any CPU
	EndGlobalSection
	GlobalSection(SolutionProperties) = preSolution
		HideSolutionNode = FALSE
	EndGlobalSection
	GlobalSection(MonoDevelopProperties) = preSolution
		StartupItem = Assembly-CSharp.csproj
	EndGlobalSection
EndGlobal
